{
  "requires": true,
  "lockfileVersion": 1,
  "dependencies": {
    "jb-icomoon": {
      "version": "1.0.3",
      "resolved": "https://registry.npmjs.org/jb-icomoon/-/jb-icomoon-1.0.3.tgz",
      "integrity": "sha512-p9EcCWQkwtVrw4zu3TTKaqZR6HqmEJZULFpCncXhXMyjklTbp5rsuGvf+0rzkzV3FjEJCNbxjSPfI+P7AYlu2A=="
    }
  }
}
